
Microsoft Visual Studio Solution File, Format Version 12.00
# Visual Studio 14
VisualStudioVersion = 14.0.24720.0
MinimumVisualStudioVersion = 10.0.40219.1
Project("{2150E333-8FDC-42A3-9474-1A3956D46DE8}") = "Examples", "Examples", "{98502A32-DE7E-42E3-859F-BB4B1077942B}"
EndProject
Project("{2150E333-8FDC-42A3-9474-1A3956D46DE8}") = "Od", "Od", "{D8553CB6-D13A-48A0-BD85-90941B351125}"
EndProject
Project("{2150E333-8FDC-42A3-9474-1A3956D46DE8}") = "Tests", "Tests", "{6F033F29-A7C1-423F-9E61-FBAD500B1DBA}"
EndProject
Project("{FAE04EC0-301F-11D3-BF4B-00C04F79EFBC}") = "Od", "Od\Od.csproj", "{87ED8120-E28B-4DE4-B4F4-181F4D3634A4}"
EndProject
Project("{FAE04EC0-301F-11D3-BF4B-00C04F79EFBC}") = "DemoOd", "Examples\DemoOd\DemoOd.csproj", "{167FADED-69AD-4DA0-8021-FEFC4FB2710E}"
EndProject
Project("{FAE04EC0-301F-11D3-BF4B-00C04F79EFBC}") = "OdThreadIt", "Examples\OdThreadIt\OdThreadIt.csproj", "{E146038C-CAC6-46A4-82F9-C36E8D9A3D44}"
EndProject
Project("{FAE04EC0-301F-11D3-BF4B-00C04F79EFBC}") = "TestHarness", "Tests\TestHarness\TestHarness.csproj", "{FEA63C4D-4EB0-41A1-8C10-2E5C4CA28727}"
EndProject
Project("{FAE04EC0-301F-11D3-BF4B-00C04F79EFBC}") = "TestObs", "Tests\TestObs\TestObs.csproj", "{2B504CDD-228E-481B-8E12-A149CC2DF8A3}"
EndProject
Project("{FAE04EC0-301F-11D3-BF4B-00C04F79EFBC}") = "TestOd", "Tests\TestOd\TestOd.csproj", "{492F9C02-746F-41F2-A3C4-9C1FC5F342CE}"
EndProject
Global
	GlobalSection(SolutionConfigurationPlatforms) = preSolution
		Debug|Any CPU = Debug|Any CPU
		Release|Any CPU = Release|Any CPU
	EndGlobalSection
	GlobalSection(ProjectConfigurationPlatforms) = postSolution
		{87ED8120-E28B-4DE4-B4F4-181F4D3634A4}.Debug|Any CPU.ActiveCfg = Debug|Any CPU
		{87ED8120-E28B-4DE4-B4F4-181F4D3634A4}.Debug|Any CPU.Build.0 = Debug|Any CPU
		{87ED8120-E28B-4DE4-B4F4-181F4D3634A4}.Release|Any CPU.ActiveCfg = Release|Any CPU
		{87ED8120-E28B-4DE4-B4F4-181F4D3634A4}.Release|Any CPU.Build.0 = Release|Any CPU
		{167FADED-69AD-4DA0-8021-FEFC4FB2710E}.Debug|Any CPU.ActiveCfg = Debug|Any CPU
		{167FADED-69AD-4DA0-8021-FEFC4FB2710E}.Debug|Any CPU.Build.0 = Debug|Any CPU
		{167FADED-69AD-4DA0-8021-FEFC4FB2710E}.Release|Any CPU.ActiveCfg = Release|Any CPU
		{167FADED-69AD-4DA0-8021-FEFC4FB2710E}.Release|Any CPU.Build.0 = Release|Any CPU
		{E146038C-CAC6-46A4-82F9-C36E8D9A3D44}.Debug|Any CPU.ActiveCfg = Debug|Any CPU
		{E146038C-CAC6-46A4-82F9-C36E8D9A3D44}.Debug|Any CPU.Build.0 = Debug|Any CPU
		{E146038C-CAC6-46A4-82F9-C36E8D9A3D44}.Release|Any CPU.ActiveCfg = Release|Any CPU
		{E146038C-CAC6-46A4-82F9-C36E8D9A3D44}.Release|Any CPU.Build.0 = Release|Any CPU
		{FEA63C4D-4EB0-41A1-8C10-2E5C4CA28727}.Debug|Any CPU.ActiveCfg = Debug|Any CPU
		{FEA63C4D-4EB0-41A1-8C10-2E5C4CA28727}.Debug|Any CPU.Build.0 = Debug|Any CPU
		{FEA63C4D-4EB0-41A1-8C10-2E5C4CA28727}.Release|Any CPU.ActiveCfg = Release|Any CPU
		{FEA63C4D-4EB0-41A1-8C10-2E5C4CA28727}.Release|Any CPU.Build.0 = Release|Any CPU
		{2B504CDD-228E-481B-8E12-A149CC2DF8A3}.Debug|Any CPU.ActiveCfg = Debug|Any CPU
		{2B504CDD-228E-481B-8E12-A149CC2DF8A3}.Debug|Any CPU.Build.0 = Debug|Any CPU
		{2B504CDD-228E-481B-8E12-A149CC2DF8A3}.Release|Any CPU.ActiveCfg = Release|Any CPU
		{2B504CDD-228E-481B-8E12-A149CC2DF8A3}.Release|Any CPU.Build.0 = Release|Any CPU
		{492F9C02-746F-41F2-A3C4-9C1FC5F342CE}.Debug|Any CPU.ActiveCfg = Debug|Any CPU
		{492F9C02-746F-41F2-A3C4-9C1FC5F342CE}.Debug|Any CPU.Build.0 = Debug|Any CPU
		{492F9C02-746F-41F2-A3C4-9C1FC5F342CE}.Release|Any CPU.ActiveCfg = Release|Any CPU
		{492F9C02-746F-41F2-A3C4-9C1FC5F342CE}.Release|Any CPU.Build.0 = Release|Any CPU
	EndGlobalSection
	GlobalSection(SolutionProperties) = preSolution
		HideSolutionNode = FALSE
	EndGlobalSection
	GlobalSection(NestedProjects) = preSolution
		{87ED8120-E28B-4DE4-B4F4-181F4D3634A4} = {D8553CB6-D13A-48A0-BD85-90941B351125}
		{167FADED-69AD-4DA0-8021-FEFC4FB2710E} = {98502A32-DE7E-42E3-859F-BB4B1077942B}
		{E146038C-CAC6-46A4-82F9-C36E8D9A3D44} = {98502A32-DE7E-42E3-859F-BB4B1077942B}
		{FEA63C4D-4EB0-41A1-8C10-2E5C4CA28727} = {6F033F29-A7C1-423F-9E61-FBAD500B1DBA}
		{2B504CDD-228E-481B-8E12-A149CC2DF8A3} = {6F033F29-A7C1-423F-9E61-FBAD500B1DBA}
		{492F9C02-746F-41F2-A3C4-9C1FC5F342CE} = {6F033F29-A7C1-423F-9E61-FBAD500B1DBA}
	EndGlobalSection
EndGlobal
