
Microsoft Visual Studio Solution File, Format Version 12.00
# Visual Studio 15
VisualStudioVersion = 15.0.26403.3
MinimumVisualStudioVersion = 10.0.40219.1
Project("{2150E333-8FDC-42A3-9474-1A3956D46DE8}") = "Examples", "Examples", "{98502A32-DE7E-42E3-859F-BB4B1077942B}"
EndProject
Project("{2150E333-8FDC-42A3-9474-1A3956D46DE8}") = "Tests", "Tests", "{6F033F29-A7C1-423F-9E61-FBAD500B1DBA}"
EndProject
Project("{FAE04EC0-301F-11D3-BF4B-00C04F79EFBC}") = "Od", "Od\Od.csproj", "{87ED8120-E28B-4DE4-B4F4-181F4D3634A4}"
EndProject
Project("{FAE04EC0-301F-11D3-BF4B-00C04F79EFBC}") = "DemoOd", "Examples\DemoOd\DemoOd.csproj", "{167FADED-69AD-4DA0-8021-FEFC4FB2710E}"
EndProject
Project("{FAE04EC0-301F-11D3-BF4B-00C04F79EFBC}") = "OdThreadIt", "Examples\OdThreadIt\OdThreadIt.csproj", "{E146038C-CAC6-46A4-82F9-C36E8D9A3D44}"
EndProject
Project("{FAE04EC0-301F-11D3-BF4B-00C04F79EFBC}") = "TestHarness", "Tests\TestHarness\TestHarness.csproj", "{FEA63C4D-4EB0-41A1-8C10-2E5C4CA28727}"
EndProject
Project("{FAE04EC0-301F-11D3-BF4B-00C04F79EFBC}") = "TestObs", "Tests\TestObs\TestObs.csproj", "{2B504CDD-228E-481B-8E12-A149CC2DF8A3}"
EndProject
Project("{FAE04EC0-301F-11D3-BF4B-00C04F79EFBC}") = "TestOd", "Tests\TestOd\TestOd.csproj", "{492F9C02-746F-41F2-A3C4-9C1FC5F342CE}"
EndProject
Project("{FAE04EC0-301F-11D3-BF4B-00C04F79EFBC}") = "DbMonsterOd", "Examples\DbMonsterOd\DbMonsterOd.csproj", "{DCC26467-1FF4-4075-A655-3C43E2BCC9FD}"
EndProject
Project("{FAE04EC0-301F-11D3-BF4B-00C04F79EFBC}") = "DemoEndsTabComponent", "Examples\DemoEndsTabComponent\DemoEndsTabComponent.csproj", "{1EEBF3A1-4140-4793-A083-36439205ACBD}"
EndProject
Project("{FAE04EC0-301F-11D3-BF4B-00C04F79EFBC}") = "DemoEndsSelectComponent", "Examples\DemoEndsSelectComponent\DemoEndsSelectComponent.csproj", "{7F591D77-6EA5-4DEA-8D29-347014F1B748}"
EndProject
Project("{FAE04EC0-301F-11D3-BF4B-00C04F79EFBC}") = "Ends", "Ends\Ends.csproj", "{DAB692CD-606B-410D-A414-728F4ED04F33}"
EndProject
Project("{FAE04EC0-301F-11D3-BF4B-00C04F79EFBC}") = "DemoEndsElements", "Examples\DemoEndsElements\DemoEndsElements.csproj", "{E70994C6-EE04-46F9-93C8-30FEA17F0F49}"
EndProject
Project("{FAE04EC0-301F-11D3-BF4B-00C04F79EFBC}") = "TestEndsPromise", "Tests\TestEndsPromise\TestEndsPromise.csproj", "{12675748-2FA9-42B8-8F55-53DBC5F11644}"
EndProject
Project("{FAE04EC0-301F-11D3-BF4B-00C04F79EFBC}") = "TestEndsRouter", "Tests\TestEndsRouter\TestEndsRouter.csproj", "{8284457B-12CB-46C7-8C07-B026AB165246}"
EndProject
Project("{FAE04EC0-301F-11D3-BF4B-00C04F79EFBC}") = "MinJs", "MinJs\MinJs.csproj", "{E0DFBC82-816E-4809-8783-46CAB34BD279}"
EndProject
Project("{FAE04EC0-301F-11D3-BF4B-00C04F79EFBC}") = "DemoOdLifecycle", "Examples\DemoOdLifecycle\DemoOdLifecycle.csproj", "{7A4D1CD3-2DB2-4C62-81F7-199CF3C6A8ED}"
EndProject
Project("{FAE04EC0-301F-11D3-BF4B-00C04F79EFBC}") = "TestMihaiDisposalLifecycle", "Tests\TestMihaiDisposalLifecycle\TestMihaiDisposalLifecycle.csproj", "{DEB6D31B-1ED6-4DBF-AB2B-872D38C9D0AE}"
EndProject
Project("{FAE04EC0-301F-11D3-BF4B-00C04F79EFBC}") = "DemoEndsInputComponent", "Examples\DemoEndsInputComponent\DemoEndsInputComponent.csproj", "{DE28FD18-74F2-44DE-8119-D70984DD9AE2}"
EndProject
Project("{FAE04EC0-301F-11D3-BF4B-00C04F79EFBC}") = "TestMihaiGarbageRetention", "Tests\TestMihaiGarbageRetention\TestMihaiGarbageRetention.csproj", "{69735DE0-6197-4100-AE9B-ED6069140363}"
EndProject
Project("{FAE04EC0-301F-11D3-BF4B-00C04F79EFBC}") = "DemoEndsDialogueBox", "Examples\DemoEndsDialogueBox\DemoEndsDialogueBox.csproj", "{BB074892-16A3-4A9C-9836-9B9B0C384E07}"
EndProject
Project("{FAE04EC0-301F-11D3-BF4B-00C04F79EFBC}") = "DemoEndsDialogueBoxAlert", "Examples\DemoEndsDialogueBoxAlert\DemoEndsDialogueBoxAlert.csproj", "{D184F4A0-205E-4B6A-8D6E-334D4E5521A7}"
EndProject
Project("{FAE04EC0-301F-11D3-BF4B-00C04F79EFBC}") = "ToDoMvcOd", "Examples\ToDoMvcOd\ToDoMvcOd.csproj", "{501FA52D-9186-423B-A5A7-50FD0D35ED15}"
EndProject
Project("{FAE04EC0-301F-11D3-BF4B-00C04F79EFBC}") = "DemoOdLifecycle2", "Examples\DemoOdLifecycle2\DemoOdLifecycle2.csproj", "{AE6686A8-0E5A-4415-B2EB-57A64426921E}"
EndProject
Project("{FAE04EC0-301F-11D3-BF4B-00C04F79EFBC}") = "TestAttachedLifecycleEvent", "Tests\TestAttachedLifecycleEvent\TestAttachedLifecycleEvent.csproj", "{AD3DD8AA-90E3-43CA-84D4-102A9818E9F2}"
EndProject
Project("{FAE04EC0-301F-11D3-BF4B-00C04F79EFBC}") = "TestMihaiImgSrcStripping", "TestMihaiImgSrcStripping\TestMihaiImgSrcStripping.csproj", "{2574F603-4B6C-4A30-BFDD-E3BC09EEDFDF}"
EndProject
Project("{FAE04EC0-301F-11D3-BF4B-00C04F79EFBC}") = "TestMihaiNestedDisposal", "Tests\TestMihaiNestedDisposal\TestMihaiNestedDisposal.csproj", "{5823E781-6619-440F-B570-42E92D606DA4}"
EndProject
Global
	GlobalSection(SolutionConfigurationPlatforms) = preSolution
		Debug|Any CPU = Debug|Any CPU
		Release|Any CPU = Release|Any CPU
	EndGlobalSection
	GlobalSection(ProjectConfigurationPlatforms) = postSolution
		{87ED8120-E28B-4DE4-B4F4-181F4D3634A4}.Debug|Any CPU.ActiveCfg = Debug|Any CPU
		{87ED8120-E28B-4DE4-B4F4-181F4D3634A4}.Debug|Any CPU.Build.0 = Debug|Any CPU
		{87ED8120-E28B-4DE4-B4F4-181F4D3634A4}.Release|Any CPU.ActiveCfg = Release|Any CPU
		{87ED8120-E28B-4DE4-B4F4-181F4D3634A4}.Release|Any CPU.Build.0 = Release|Any CPU
		{167FADED-69AD-4DA0-8021-FEFC4FB2710E}.Debug|Any CPU.ActiveCfg = Debug|Any CPU
		{167FADED-69AD-4DA0-8021-FEFC4FB2710E}.Debug|Any CPU.Build.0 = Debug|Any CPU
		{167FADED-69AD-4DA0-8021-FEFC4FB2710E}.Release|Any CPU.ActiveCfg = Release|Any CPU
		{167FADED-69AD-4DA0-8021-FEFC4FB2710E}.Release|Any CPU.Build.0 = Release|Any CPU
		{E146038C-CAC6-46A4-82F9-C36E8D9A3D44}.Debug|Any CPU.ActiveCfg = Debug|Any CPU
		{E146038C-CAC6-46A4-82F9-C36E8D9A3D44}.Debug|Any CPU.Build.0 = Debug|Any CPU
		{E146038C-CAC6-46A4-82F9-C36E8D9A3D44}.Release|Any CPU.ActiveCfg = Release|Any CPU
		{E146038C-CAC6-46A4-82F9-C36E8D9A3D44}.Release|Any CPU.Build.0 = Release|Any CPU
		{FEA63C4D-4EB0-41A1-8C10-2E5C4CA28727}.Debug|Any CPU.ActiveCfg = Debug|Any CPU
		{FEA63C4D-4EB0-41A1-8C10-2E5C4CA28727}.Debug|Any CPU.Build.0 = Debug|Any CPU
		{FEA63C4D-4EB0-41A1-8C10-2E5C4CA28727}.Release|Any CPU.ActiveCfg = Release|Any CPU
		{FEA63C4D-4EB0-41A1-8C10-2E5C4CA28727}.Release|Any CPU.Build.0 = Release|Any CPU
		{2B504CDD-228E-481B-8E12-A149CC2DF8A3}.Debug|Any CPU.ActiveCfg = Debug|Any CPU
		{2B504CDD-228E-481B-8E12-A149CC2DF8A3}.Debug|Any CPU.Build.0 = Debug|Any CPU
		{2B504CDD-228E-481B-8E12-A149CC2DF8A3}.Release|Any CPU.ActiveCfg = Release|Any CPU
		{2B504CDD-228E-481B-8E12-A149CC2DF8A3}.Release|Any CPU.Build.0 = Release|Any CPU
		{492F9C02-746F-41F2-A3C4-9C1FC5F342CE}.Debug|Any CPU.ActiveCfg = Debug|Any CPU
		{492F9C02-746F-41F2-A3C4-9C1FC5F342CE}.Debug|Any CPU.Build.0 = Debug|Any CPU
		{492F9C02-746F-41F2-A3C4-9C1FC5F342CE}.Release|Any CPU.ActiveCfg = Release|Any CPU
		{492F9C02-746F-41F2-A3C4-9C1FC5F342CE}.Release|Any CPU.Build.0 = Release|Any CPU
		{DCC26467-1FF4-4075-A655-3C43E2BCC9FD}.Debug|Any CPU.ActiveCfg = Debug|Any CPU
		{DCC26467-1FF4-4075-A655-3C43E2BCC9FD}.Debug|Any CPU.Build.0 = Debug|Any CPU
		{DCC26467-1FF4-4075-A655-3C43E2BCC9FD}.Release|Any CPU.ActiveCfg = Release|Any CPU
		{DCC26467-1FF4-4075-A655-3C43E2BCC9FD}.Release|Any CPU.Build.0 = Release|Any CPU
		{1EEBF3A1-4140-4793-A083-36439205ACBD}.Debug|Any CPU.ActiveCfg = Debug|Any CPU
		{1EEBF3A1-4140-4793-A083-36439205ACBD}.Debug|Any CPU.Build.0 = Debug|Any CPU
		{1EEBF3A1-4140-4793-A083-36439205ACBD}.Release|Any CPU.ActiveCfg = Release|Any CPU
		{1EEBF3A1-4140-4793-A083-36439205ACBD}.Release|Any CPU.Build.0 = Release|Any CPU
		{7F591D77-6EA5-4DEA-8D29-347014F1B748}.Debug|Any CPU.ActiveCfg = Debug|Any CPU
		{7F591D77-6EA5-4DEA-8D29-347014F1B748}.Debug|Any CPU.Build.0 = Debug|Any CPU
		{7F591D77-6EA5-4DEA-8D29-347014F1B748}.Release|Any CPU.ActiveCfg = Release|Any CPU
		{7F591D77-6EA5-4DEA-8D29-347014F1B748}.Release|Any CPU.Build.0 = Release|Any CPU
		{DAB692CD-606B-410D-A414-728F4ED04F33}.Debug|Any CPU.ActiveCfg = Debug|Any CPU
		{DAB692CD-606B-410D-A414-728F4ED04F33}.Debug|Any CPU.Build.0 = Debug|Any CPU
		{DAB692CD-606B-410D-A414-728F4ED04F33}.Release|Any CPU.ActiveCfg = Release|Any CPU
		{DAB692CD-606B-410D-A414-728F4ED04F33}.Release|Any CPU.Build.0 = Release|Any CPU
		{E70994C6-EE04-46F9-93C8-30FEA17F0F49}.Debug|Any CPU.ActiveCfg = Debug|Any CPU
		{E70994C6-EE04-46F9-93C8-30FEA17F0F49}.Debug|Any CPU.Build.0 = Debug|Any CPU
		{E70994C6-EE04-46F9-93C8-30FEA17F0F49}.Release|Any CPU.ActiveCfg = Release|Any CPU
		{E70994C6-EE04-46F9-93C8-30FEA17F0F49}.Release|Any CPU.Build.0 = Release|Any CPU
		{12675748-2FA9-42B8-8F55-53DBC5F11644}.Debug|Any CPU.ActiveCfg = Debug|Any CPU
		{12675748-2FA9-42B8-8F55-53DBC5F11644}.Debug|Any CPU.Build.0 = Debug|Any CPU
		{12675748-2FA9-42B8-8F55-53DBC5F11644}.Release|Any CPU.ActiveCfg = Release|Any CPU
		{12675748-2FA9-42B8-8F55-53DBC5F11644}.Release|Any CPU.Build.0 = Release|Any CPU
		{8284457B-12CB-46C7-8C07-B026AB165246}.Debug|Any CPU.ActiveCfg = Debug|Any CPU
		{8284457B-12CB-46C7-8C07-B026AB165246}.Debug|Any CPU.Build.0 = Debug|Any CPU
		{8284457B-12CB-46C7-8C07-B026AB165246}.Release|Any CPU.ActiveCfg = Release|Any CPU
		{8284457B-12CB-46C7-8C07-B026AB165246}.Release|Any CPU.Build.0 = Release|Any CPU
		{E0DFBC82-816E-4809-8783-46CAB34BD279}.Debug|Any CPU.ActiveCfg = Debug|Any CPU
		{E0DFBC82-816E-4809-8783-46CAB34BD279}.Debug|Any CPU.Build.0 = Debug|Any CPU
		{E0DFBC82-816E-4809-8783-46CAB34BD279}.Release|Any CPU.ActiveCfg = Release|Any CPU
		{E0DFBC82-816E-4809-8783-46CAB34BD279}.Release|Any CPU.Build.0 = Release|Any CPU
		{7A4D1CD3-2DB2-4C62-81F7-199CF3C6A8ED}.Debug|Any CPU.ActiveCfg = Debug|Any CPU
		{7A4D1CD3-2DB2-4C62-81F7-199CF3C6A8ED}.Debug|Any CPU.Build.0 = Debug|Any CPU
		{7A4D1CD3-2DB2-4C62-81F7-199CF3C6A8ED}.Release|Any CPU.ActiveCfg = Release|Any CPU
		{7A4D1CD3-2DB2-4C62-81F7-199CF3C6A8ED}.Release|Any CPU.Build.0 = Release|Any CPU
		{DEB6D31B-1ED6-4DBF-AB2B-872D38C9D0AE}.Debug|Any CPU.ActiveCfg = Debug|Any CPU
		{DEB6D31B-1ED6-4DBF-AB2B-872D38C9D0AE}.Debug|Any CPU.Build.0 = Debug|Any CPU
		{DEB6D31B-1ED6-4DBF-AB2B-872D38C9D0AE}.Release|Any CPU.ActiveCfg = Release|Any CPU
		{DEB6D31B-1ED6-4DBF-AB2B-872D38C9D0AE}.Release|Any CPU.Build.0 = Release|Any CPU
		{DE28FD18-74F2-44DE-8119-D70984DD9AE2}.Debug|Any CPU.ActiveCfg = Debug|Any CPU
		{DE28FD18-74F2-44DE-8119-D70984DD9AE2}.Debug|Any CPU.Build.0 = Debug|Any CPU
		{DE28FD18-74F2-44DE-8119-D70984DD9AE2}.Release|Any CPU.ActiveCfg = Release|Any CPU
		{DE28FD18-74F2-44DE-8119-D70984DD9AE2}.Release|Any CPU.Build.0 = Release|Any CPU
		{69735DE0-6197-4100-AE9B-ED6069140363}.Debug|Any CPU.ActiveCfg = Debug|Any CPU
		{69735DE0-6197-4100-AE9B-ED6069140363}.Debug|Any CPU.Build.0 = Debug|Any CPU
		{69735DE0-6197-4100-AE9B-ED6069140363}.Release|Any CPU.ActiveCfg = Release|Any CPU
		{69735DE0-6197-4100-AE9B-ED6069140363}.Release|Any CPU.Build.0 = Release|Any CPU
		{BB074892-16A3-4A9C-9836-9B9B0C384E07}.Debug|Any CPU.ActiveCfg = Debug|Any CPU
		{BB074892-16A3-4A9C-9836-9B9B0C384E07}.Debug|Any CPU.Build.0 = Debug|Any CPU
		{BB074892-16A3-4A9C-9836-9B9B0C384E07}.Release|Any CPU.ActiveCfg = Release|Any CPU
		{BB074892-16A3-4A9C-9836-9B9B0C384E07}.Release|Any CPU.Build.0 = Release|Any CPU
		{D184F4A0-205E-4B6A-8D6E-334D4E5521A7}.Debug|Any CPU.ActiveCfg = Debug|Any CPU
		{D184F4A0-205E-4B6A-8D6E-334D4E5521A7}.Debug|Any CPU.Build.0 = Debug|Any CPU
		{D184F4A0-205E-4B6A-8D6E-334D4E5521A7}.Release|Any CPU.ActiveCfg = Release|Any CPU
		{D184F4A0-205E-4B6A-8D6E-334D4E5521A7}.Release|Any CPU.Build.0 = Release|Any CPU
		{501FA52D-9186-423B-A5A7-50FD0D35ED15}.Debug|Any CPU.ActiveCfg = Debug|Any CPU
		{501FA52D-9186-423B-A5A7-50FD0D35ED15}.Debug|Any CPU.Build.0 = Debug|Any CPU
		{501FA52D-9186-423B-A5A7-50FD0D35ED15}.Release|Any CPU.ActiveCfg = Release|Any CPU
		{501FA52D-9186-423B-A5A7-50FD0D35ED15}.Release|Any CPU.Build.0 = Release|Any CPU
		{AE6686A8-0E5A-4415-B2EB-57A64426921E}.Debug|Any CPU.ActiveCfg = Debug|Any CPU
		{AE6686A8-0E5A-4415-B2EB-57A64426921E}.Debug|Any CPU.Build.0 = Debug|Any CPU
		{AE6686A8-0E5A-4415-B2EB-57A64426921E}.Release|Any CPU.ActiveCfg = Release|Any CPU
		{AE6686A8-0E5A-4415-B2EB-57A64426921E}.Release|Any CPU.Build.0 = Release|Any CPU
		{AD3DD8AA-90E3-43CA-84D4-102A9818E9F2}.Debug|Any CPU.ActiveCfg = Debug|Any CPU
		{AD3DD8AA-90E3-43CA-84D4-102A9818E9F2}.Debug|Any CPU.Build.0 = Debug|Any CPU
		{AD3DD8AA-90E3-43CA-84D4-102A9818E9F2}.Release|Any CPU.ActiveCfg = Release|Any CPU
		{AD3DD8AA-90E3-43CA-84D4-102A9818E9F2}.Release|Any CPU.Build.0 = Release|Any CPU
		{2574F603-4B6C-4A30-BFDD-E3BC09EEDFDF}.Debug|Any CPU.ActiveCfg = Debug|Any CPU
		{2574F603-4B6C-4A30-BFDD-E3BC09EEDFDF}.Debug|Any CPU.Build.0 = Debug|Any CPU
		{2574F603-4B6C-4A30-BFDD-E3BC09EEDFDF}.Release|Any CPU.ActiveCfg = Release|Any CPU
		{2574F603-4B6C-4A30-BFDD-E3BC09EEDFDF}.Release|Any CPU.Build.0 = Release|Any CPU
		{5823E781-6619-440F-B570-42E92D606DA4}.Debug|Any CPU.ActiveCfg = Debug|Any CPU
		{5823E781-6619-440F-B570-42E92D606DA4}.Debug|Any CPU.Build.0 = Debug|Any CPU
		{5823E781-6619-440F-B570-42E92D606DA4}.Release|Any CPU.ActiveCfg = Release|Any CPU
		{5823E781-6619-440F-B570-42E92D606DA4}.Release|Any CPU.Build.0 = Release|Any CPU
	EndGlobalSection
	GlobalSection(SolutionProperties) = preSolution
		HideSolutionNode = FALSE
	EndGlobalSection
	GlobalSection(NestedProjects) = preSolution
		{167FADED-69AD-4DA0-8021-FEFC4FB2710E} = {98502A32-DE7E-42E3-859F-BB4B1077942B}
		{E146038C-CAC6-46A4-82F9-C36E8D9A3D44} = {98502A32-DE7E-42E3-859F-BB4B1077942B}
		{FEA63C4D-4EB0-41A1-8C10-2E5C4CA28727} = {6F033F29-A7C1-423F-9E61-FBAD500B1DBA}
		{2B504CDD-228E-481B-8E12-A149CC2DF8A3} = {6F033F29-A7C1-423F-9E61-FBAD500B1DBA}
		{492F9C02-746F-41F2-A3C4-9C1FC5F342CE} = {6F033F29-A7C1-423F-9E61-FBAD500B1DBA}
		{DCC26467-1FF4-4075-A655-3C43E2BCC9FD} = {98502A32-DE7E-42E3-859F-BB4B1077942B}
		{1EEBF3A1-4140-4793-A083-36439205ACBD} = {98502A32-DE7E-42E3-859F-BB4B1077942B}
		{7F591D77-6EA5-4DEA-8D29-347014F1B748} = {98502A32-DE7E-42E3-859F-BB4B1077942B}
		{E70994C6-EE04-46F9-93C8-30FEA17F0F49} = {98502A32-DE7E-42E3-859F-BB4B1077942B}
		{12675748-2FA9-42B8-8F55-53DBC5F11644} = {6F033F29-A7C1-423F-9E61-FBAD500B1DBA}
		{8284457B-12CB-46C7-8C07-B026AB165246} = {6F033F29-A7C1-423F-9E61-FBAD500B1DBA}
		{7A4D1CD3-2DB2-4C62-81F7-199CF3C6A8ED} = {98502A32-DE7E-42E3-859F-BB4B1077942B}
		{DEB6D31B-1ED6-4DBF-AB2B-872D38C9D0AE} = {6F033F29-A7C1-423F-9E61-FBAD500B1DBA}
		{DE28FD18-74F2-44DE-8119-D70984DD9AE2} = {98502A32-DE7E-42E3-859F-BB4B1077942B}
		{69735DE0-6197-4100-AE9B-ED6069140363} = {6F033F29-A7C1-423F-9E61-FBAD500B1DBA}
		{BB074892-16A3-4A9C-9836-9B9B0C384E07} = {98502A32-DE7E-42E3-859F-BB4B1077942B}
		{D184F4A0-205E-4B6A-8D6E-334D4E5521A7} = {98502A32-DE7E-42E3-859F-BB4B1077942B}
		{501FA52D-9186-423B-A5A7-50FD0D35ED15} = {98502A32-DE7E-42E3-859F-BB4B1077942B}
		{AE6686A8-0E5A-4415-B2EB-57A64426921E} = {98502A32-DE7E-42E3-859F-BB4B1077942B}
		{AD3DD8AA-90E3-43CA-84D4-102A9818E9F2} = {6F033F29-A7C1-423F-9E61-FBAD500B1DBA}
		{2574F603-4B6C-4A30-BFDD-E3BC09EEDFDF} = {6F033F29-A7C1-423F-9E61-FBAD500B1DBA}
		{5823E781-6619-440F-B570-42E92D606DA4} = {6F033F29-A7C1-423F-9E61-FBAD500B1DBA}
	EndGlobalSection
EndGlobal
